// !$*UTF8*$!
{
	archiveVersion = 1;
	classes = {
	};
	objectVersion = 50;
	objects = {

/* Begin PBXBuildFile section */
		FB6A84812639B3B2005A933D /* AppDelegate.swift in Sources */ = {isa = PBXBuildFile; fileRef = FB6A84802639B3B2005A933D /* AppDelegate.swift */; };
		FB6A84832639B3B2005A933D /* ARContentView.swift in Sources */ = {isa = PBXBuildFile; fileRef = FB6A84822639B3B2005A933D /* ARContentView.swift */; };
		FB6A84872639B3B2005A933D /* Assets.xcassets in Resources */ = {isa = PBXBuildFile; fileRef = FB6A84862639B3B2005A933D /* Assets.xcassets */; };
		FB6A848A2639B3B2005A933D /* Preview Assets.xcassets in Resources */ = {isa = PBXBuildFile; fileRef = FB6A84892639B3B2005A933D /* Preview Assets.xcassets */; };
		FB6A84922639B3CC005A933D /* StartView.swift in Sources */ = {isa = PBXBuildFile; fileRef = FB6A84912639B3CC005A933D /* StartView.swift */; };
		FB6A84962639B64B005A933D /* SF-Pro-Text-Bold.otf in Resources */ = {isa = PBXBuildFile; fileRef = FB6A84932639B3F4005A933D /* SF-Pro-Text-Bold.otf */; };
		FB6A84982639B84C005A933D /* VolumentalFonts.swift in Sources */ = {isa = PBXBuildFile; fileRef = FB6A84972639B84C005A933D /* VolumentalFonts.swift */; };
		FB6A849B2639B8A4005A933D /* SF-Pro-Text-Semibold.otf in Resources */ = {isa = PBXBuildFile; fileRef = FB6A84992639B8A4005A933D /* SF-Pro-Text-Semibold.otf */; };
		FB6A849C2639B8A4005A933D /* SF-Pro-Text-Regular.otf in Resources */ = {isa = PBXBuildFile; fileRef = FB6A849A2639B8A4005A933D /* SF-Pro-Text-Regular.otf */; };
		FB6A849F2639B8E8005A933D /* left.obj in Resources */ = {isa = PBXBuildFile; fileRef = FB6A849E2639B8E8005A933D /* left.obj */; };
		FB6A84A22639BA45005A933D /* Localizable.strings in Resources */ = {isa = PBXBuildFile; fileRef = FB6A84A42639BA45005A933D /* Localizable.strings */; };
		FB6A84A82639C0FF005A933D /* quantAppIntroImage.pdf in Resources */ = {isa = PBXBuildFile; fileRef = FB6A84A72639C0FF005A933D /* quantAppIntroImage.pdf */; };
		FB6A84AA2639C81F005A933D /* HelperViews.swift in Sources */ = {isa = PBXBuildFile; fileRef = FB6A84A92639C81F005A933D /* HelperViews.swift */; };
		FB6A84AE2639E568005A933D /* left.usdz in Resources */ = {isa = PBXBuildFile; fileRef = FB6A84AD2639E568005A933D /* left.usdz */; };
		FB6A84D3263BEC3C005A933D /* HostingController.swift in Sources */ = {isa = PBXBuildFile; fileRef = FB6A84D2263BEC3C005A933D /* HostingController.swift */; };
		FB6A84D5263FD757005A933D /* UserState.swift in Sources */ = {isa = PBXBuildFile; fileRef = FB6A84D4263FD757005A933D /* UserState.swift */; };
/* End PBXBuildFile section */

/* Begin PBXFileReference section */
		FB6A847D2639B3B2005A933D /* VolumentalTask.app */ = {isa = PBXFileReference; explicitFileType = wrapper.application; includeInIndex = 0; path = VolumentalTask.app; sourceTree = BUILT_PRODUCTS_DIR; };
		FB6A84802639B3B2005A933D /* AppDelegate.swift */ = {isa = PBXFileReference; lastKnownFileType = sourcecode.swift; path = AppDelegate.swift; sourceTree = "<group>"; };
		FB6A84822639B3B2005A933D /* ARContentView.swift */ = {isa = PBXFileReference; lastKnownFileType = sourcecode.swift; path = ARContentView.swift; sourceTree = "<group>"; };
		FB6A84862639B3B2005A933D /* Assets.xcassets */ = {isa = PBXFileReference; lastKnownFileType = folder.assetcatalog; path = Assets.xcassets; sourceTree = "<group>"; };
		FB6A84892639B3B2005A933D /* Preview Assets.xcassets */ = {isa = PBXFileReference; lastKnownFileType = folder.assetcatalog; path = "Preview Assets.xcassets"; sourceTree = "<group>"; };
		FB6A848B2639B3B2005A933D /* Info.plist */ = {isa = PBXFileReference; lastKnownFileType = text.plist.xml; path = Info.plist; sourceTree = "<group>"; };
		FB6A84912639B3CC005A933D /* StartView.swift */ = {isa = PBXFileReference; lastKnownFileType = sourcecode.swift; path = StartView.swift; sourceTree = "<group>"; };
		FB6A84932639B3F4005A933D /* SF-Pro-Text-Bold.otf */ = {isa = PBXFileReference; lastKnownFileType = file; path = "SF-Pro-Text-Bold.otf"; sourceTree = "<group>"; };
		FB6A84972639B84C005A933D /* VolumentalFonts.swift */ = {isa = PBXFileReference; lastKnownFileType = sourcecode.swift; path = VolumentalFonts.swift; sourceTree = "<group>"; };
		FB6A84992639B8A4005A933D /* SF-Pro-Text-Semibold.otf */ = {isa = PBXFileReference; lastKnownFileType = file; path = "SF-Pro-Text-Semibold.otf"; sourceTree = "<group>"; };
		FB6A849A2639B8A4005A933D /* SF-Pro-Text-Regular.otf */ = {isa = PBXFileReference; lastKnownFileType = file; path = "SF-Pro-Text-Regular.otf"; sourceTree = "<group>"; };
		FB6A849E2639B8E8005A933D /* left.obj */ = {isa = PBXFileReference; fileEncoding = 4; lastKnownFileType = text; path = left.obj; sourceTree = "<group>"; };
		FB6A84A32639BA45005A933D /* en */ = {isa = PBXFileReference; lastKnownFileType = text.plist.strings; name = en; path = en.lproj/Localizable.strings; sourceTree = "<group>"; };
		FB6A84A52639BA49005A933D /* de */ = {isa = PBXFileReference; lastKnownFileType = text.plist.strings; name = de; path = de.lproj/Localizable.strings; sourceTree = "<group>"; };
		FB6A84A72639C0FF005A933D /* quantAppIntroImage.pdf */ = {isa = PBXFileReference; lastKnownFileType = image.pdf; path = quantAppIntroImage.pdf; sourceTree = "<group>"; };
		FB6A84A92639C81F005A933D /* HelperViews.swift */ = {isa = PBXFileReference; lastKnownFileType = sourcecode.swift; path = HelperViews.swift; sourceTree = "<group>"; };
		FB6A84AD2639E568005A933D /* left.usdz */ = {isa = PBXFileReference; lastKnownFileType = file.usdz; name = left.usdz; path = VolumentalTask/ModelAssets/left.usdz; sourceTree = SOURCE_ROOT; };
		FB6A84D2263BEC3C005A933D /* HostingController.swift */ = {isa = PBXFileReference; lastKnownFileType = sourcecode.swift; path = HostingController.swift; sourceTree = "<group>"; };
		FB6A84D4263FD757005A933D /* UserState.swift */ = {isa = PBXFileReference; lastKnownFileType = sourcecode.swift; path = UserState.swift; sourceTree = "<group>"; };
/* End PBXFileReference section */

/* Begin PBXFrameworksBuildPhase section */
		FB6A847A2639B3B2005A933D /* Frameworks */ = {
			isa = PBXFrameworksBuildPhase;
			buildActionMask = 2147483647;
			files = (
			);
			runOnlyForDeploymentPostprocessing = 0;
		};
/* End PBXFrameworksBuildPhase section */

/* Begin PBXGroup section */
		FB6A84742639B3B2005A933D = {
			isa = PBXGroup;
			children = (
				FB6A847F2639B3B2005A933D /* VolumentalTask */,
				FB6A847E2639B3B2005A933D /* Products */,
			);
			sourceTree = "<group>";
		};
		FB6A847E2639B3B2005A933D /* Products */ = {
			isa = PBXGroup;
			children = (
				FB6A847D2639B3B2005A933D /* VolumentalTask.app */,
			);
			name = Products;
			sourceTree = "<group>";
		};
		FB6A847F2639B3B2005A933D /* VolumentalTask */ = {
			isa = PBXGroup;
			children = (
				FB6A84A62639C0E8005A933D /* Images */,
				FB6A849D2639B8CC005A933D /* ModelAssets */,
				FB6A84802639B3B2005A933D /* AppDelegate.swift */,
				FB6A84822639B3B2005A933D /* ARContentView.swift */,
				FB6A84912639B3CC005A933D /* StartView.swift */,
				FB6A84D4263FD757005A933D /* UserState.swift */,
				FB6A84D2263BEC3C005A933D /* HostingController.swift */,
				FB6A84A92639C81F005A933D /* HelperViews.swift */,
				FB6A84A42639BA45005A933D /* Localizable.strings */,
				FB6A84972639B84C005A933D /* VolumentalFonts.swift */,
				FB6A84952639B60D005A933D /* Fonts */,
				FB6A84862639B3B2005A933D /* Assets.xcassets */,
				FB6A848B2639B3B2005A933D /* Info.plist */,
				FB6A84882639B3B2005A933D /* Preview Content */,
			);
			path = VolumentalTask;
			sourceTree = "<group>";
		};
		FB6A84882639B3B2005A933D /* Preview Content */ = {
			isa = PBXGroup;
			children = (
				FB6A84892639B3B2005A933D /* Preview Assets.xcassets */,
			);
			path = "Preview Content";
			sourceTree = "<group>";
		};
		FB6A84952639B60D005A933D /* Fonts */ = {
			isa = PBXGroup;
			children = (
				FB6A849A2639B8A4005A933D /* SF-Pro-Text-Regular.otf */,
				FB6A84992639B8A4005A933D /* SF-Pro-Text-Semibold.otf */,
				FB6A84932639B3F4005A933D /* SF-Pro-Text-Bold.otf */,
			);
			path = Fonts;
			sourceTree = "<group>";
		};
		FB6A849D2639B8CC005A933D /* ModelAssets */ = {
			isa = PBXGroup;
			children = (
				FB6A84AD2639E568005A933D /* left.usdz */,
				FB6A849E2639B8E8005A933D /* left.obj */,
			);
			path = ModelAssets;
			sourceTree = "<group>";
		};
		FB6A84A62639C0E8005A933D /* Images */ = {
			isa = PBXGroup;
			children = (
				FB6A84A72639C0FF005A933D /* quantAppIntroImage.pdf */,
			);
			path = Images;
			sourceTree = "<group>";
		};
/* End PBXGroup section */

/* Begin PBXNativeTarget section */
		FB6A847C2639B3B2005A933D /* VolumentalTask */ = {
			isa = PBXNativeTarget;
			buildConfigurationList = FB6A848E2639B3B2005A933D /* Build configuration list for PBXNativeTarget "VolumentalTask" */;
			buildPhases = (
				FB6A84792639B3B2005A933D /* Sources */,
				FB6A847A2639B3B2005A933D /* Frameworks */,
				FB6A847B2639B3B2005A933D /* Resources */,
			);
			buildRules = (
			);
			dependencies = (
			);
			name = VolumentalTask;
			productName = VolumentalTask;
			productReference = FB6A847D2639B3B2005A933D /* VolumentalTask.app */;
			productType = "com.apple.product-type.application";
		};
/* End PBXNativeTarget section */

/* Begin PBXProject section */
		FB6A84752639B3B2005A933D /* Project object */ = {
			isa = PBXProject;
			attributes = {
				LastSwiftUpdateCheck = 1250;
				LastUpgradeCheck = 1250;
				TargetAttributes = {
					FB6A847C2639B3B2005A933D = {
						CreatedOnToolsVersion = 12.5;
					};
				};
			};
			buildConfigurationList = FB6A84782639B3B2005A933D /* Build configuration list for PBXProject "VolumentalTask" */;
			compatibilityVersion = "Xcode 9.3";
			developmentRegion = en;
			hasScannedForEncodings = 0;
			knownRegions = (
				en,
				Base,
				de,
			);
			mainGroup = FB6A84742639B3B2005A933D;
			productRefGroup = FB6A847E2639B3B2005A933D /* Products */;
			projectDirPath = "";
			projectRoot = "";
			targets = (
				FB6A847C2639B3B2005A933D /* VolumentalTask */,
			);
		};
/* End PBXProject section */

/* Begin PBXResourcesBuildPhase section */
		FB6A847B2639B3B2005A933D /* Resources */ = {
			isa = PBXResourcesBuildPhase;
			buildActionMask = 2147483647;
			files = (
				FB6A849F2639B8E8005A933D /* left.obj in Resources */,
				FB6A849B2639B8A4005A933D /* SF-Pro-Text-Semibold.otf in Resources */,
				FB6A84AE2639E568005A933D /* left.usdz in Resources */,
				FB6A849C2639B8A4005A933D /* SF-Pro-Text-Regular.otf in Resources */,
				FB6A84A22639BA45005A933D /* Localizable.strings in Resources */,
				FB6A848A2639B3B2005A933D /* Preview Assets.xcassets in Resources */,
				FB6A84872639B3B2005A933D /* Assets.xcassets in Resources */,
				FB6A84962639B64B005A933D /* SF-Pro-Text-Bold.otf in Resources */,
				FB6A84A82639C0FF005A933D /* quantAppIntroImage.pdf in Resources */,
			);
			runOnlyForDeploymentPostprocessing = 0;
		};
/* End PBXResourcesBuildPhase section */

/* Begin PBXSourcesBuildPhase section */
		FB6A84792639B3B2005A933D /* Sources */ = {
			isa = PBXSourcesBuildPhase;
			buildActionMask = 2147483647;
			files = (
				FB6A84AA2639C81F005A933D /* HelperViews.swift in Sources */,
				FB6A84982639B84C005A933D /* VolumentalFonts.swift in Sources */,
				FB6A84832639B3B2005A933D /* ARContentView.swift in Sources */,
				FB6A84D3263BEC3C005A933D /* HostingController.swift in Sources */,
				FB6A84812639B3B2005A933D /* AppDelegate.swift in Sources */,
				FB6A84D5263FD757005A933D /* UserState.swift in Sources */,
				FB6A84922639B3CC005A933D /* StartView.swift in Sources */,
			);
			runOnlyForDeploymentPostprocessing = 0;
		};
/* End PBXSourcesBuildPhase section */

/* Begin PBXVariantGroup section */
		FB6A84A42639BA45005A933D /* Localizable.strings */ = {
			isa = PBXVariantGroup;
			children = (
				FB6A84A32639BA45005A933D /* en */,
				FB6A84A52639BA49005A933D /* de */,
			);
			name = Localizable.strings;
			sourceTree = "<group>";
		};
/* End PBXVariantGroup section */

/* Begin XCBuildConfiguration section */
		FB6A848C2639B3B2005A933D /* Debug */ = {
			isa = XCBuildConfiguration;
			buildSettings = {
				ALWAYS_SEARCH_USER_PATHS = NO;
				CLANG_ANALYZER_NONNULL = YES;
				CLANG_ANALYZER_NUMBER_OBJECT_CONVERSION = YES_AGGRESSIVE;
				CLANG_CXX_LANGUAGE_STANDARD = "gnu++14";
				CLANG_CXX_LIBRARY = "libc++";
				CLANG_ENABLE_MODULES = YES;
				CLANG_ENABLE_OBJC_ARC = YES;
				CLANG_ENABLE_OBJC_WEAK = YES;
				CLANG_WARN_BLOCK_CAPTURE_AUTORELEASING = YES;
				CLANG_WARN_BOOL_CONVERSION = YES;
				CLANG_WARN_COMMA = YES;
				CLANG_WARN_CONSTANT_CONVERSION = YES;
				CLANG_WARN_DEPRECATED_OBJC_IMPLEMENTATIONS = YES;
				CLANG_WARN_DIRECT_OBJC_ISA_USAGE = YES_ERROR;
				CLANG_WARN_DOCUMENTATION_COMMENTS = YES;
				CLANG_WARN_EMPTY_BODY = YES;
				CLANG_WARN_ENUM_CONVERSION = YES;
				CLANG_WARN_INFINITE_RECURSION = YES;
				CLANG_WARN_INT_CONVERSION = YES;
				CLANG_WARN_NON_LITERAL_NULL_CONVERSION = YES;
				CLANG_WARN_OBJC_IMPLICIT_RETAIN_SELF = YES;
				CLANG_WARN_OBJC_LITERAL_CONVERSION = YES;
				CLANG_WARN_OBJC_ROOT_CLASS = YES_ERROR;
				CLANG_WARN_QUOTED_INCLUDE_IN_FRAMEWORK_HEADER = YES;
				CLANG_WARN_RANGE_LOOP_ANALYSIS = YES;
				CLANG_WARN_STRICT_PROTOTYPES = YES;
				CLANG_WARN_SUSPICIOUS_MOVE = YES;
				CLANG_WARN_UNGUARDED_AVAILABILITY = YES_AGGRESSIVE;
				CLANG_WARN_UNREACHABLE_CODE = YES;
				CLANG_WARN__DUPLICATE_METHOD_MATCH = YES;
				COPY_PHASE_STRIP = NO;
				DEBUG_INFORMATION_FORMAT = dwarf;
				ENABLE_STRICT_OBJC_MSGSEND = YES;
				ENABLE_TESTABILITY = YES;
				GCC_C_LANGUAGE_STANDARD = gnu11;
				GCC_DYNAMIC_NO_PIC = NO;
				GCC_NO_COMMON_BLOCKS = YES;
				GCC_OPTIMIZATION_LEVEL = 0;
				GCC_PREPROCESSOR_DEFINITIONS = (
					"DEBUG=1",
					"$(inherited)",
				);
				GCC_WARN_64_TO_32_BIT_CONVERSION = YES;
				GCC_WARN_ABOUT_RETURN_TYPE = YES_ERROR;
				GCC_WARN_UNDECLARED_SELECTOR = YES;
				GCC_WARN_UNINITIALIZED_AUTOS = YES_AGGRESSIVE;
				GCC_WARN_UNUSED_FUNCTION = YES;
				GCC_WARN_UNUSED_VARIABLE = YES;
				IPHONEOS_DEPLOYMENT_TARGET = 14.5;
				MTL_ENABLE_DEBUG_INFO = INCLUDE_SOURCE;
				MTL_FAST_MATH = YES;
				ONLY_ACTIVE_ARCH = YES;
				SDKROOT = iphoneos;
				SWIFT_ACTIVE_COMPILATION_CONDITIONS = DEBUG;
				SWIFT_OPTIMIZATION_LEVEL = "-Onone";
			};
			name = Debug;
		};
		FB6A848D2639B3B2005A933D /* Release */ = {
			isa = XCBuildConfiguration;
			buildSettings = {
				ALWAYS_SEARCH_USER_PATHS = NO;
				CLANG_ANALYZER_NONNULL = YES;
				CLANG_ANALYZER_NUMBER_OBJECT_CONVERSION = YES_AGGRESSIVE;
				CLANG_CXX_LANGUAGE_STANDARD = "gnu++14";
				CLANG_CXX_LIBRARY = "libc++";
				CLANG_ENABLE_MODULES = YES;
				CLANG_ENABLE_OBJC_ARC = YES;
				CLANG_ENABLE_OBJC_WEAK = YES;
				CLANG_WARN_BLOCK_CAPTURE_AUTORELEASING = YES;
				CLANG_WARN_BOOL_CONVERSION = YES;
				CLANG_WARN_COMMA = YES;
				CLANG_WARN_CONSTANT_CONVERSION = YES;
				CLANG_WARN_DEPRECATED_OBJC_IMPLEMENTATIONS = YES;
				CLANG_WARN_DIRECT_OBJC_ISA_USAGE = YES_ERROR;
				CLANG_WARN_DOCUMENTATION_COMMENTS = YES;
				CLANG_WARN_EMPTY_BODY = YES;
				CLANG_WARN_ENUM_CONVERSION = YES;
				CLANG_WARN_INFINITE_RECURSION = YES;
				CLANG_WARN_INT_CONVERSION = YES;
				CLANG_WARN_NON_LITERAL_NULL_CONVERSION = YES;
				CLANG_WARN_OBJC_IMPLICIT_RETAIN_SELF = YES;
				CLANG_WARN_OBJC_LITERAL_CONVERSION = YES;
				CLANG_WARN_OBJC_ROOT_CLASS = YES_ERROR;
				CLANG_WARN_QUOTED_INCLUDE_IN_FRAMEWORK_HEADER = YES;
				CLANG_WARN_RANGE_LOOP_ANALYSIS = YES;
				CLANG_WARN_STRICT_PROTOTYPES = YES;
				CLANG_WARN_SUSPICIOUS_MOVE = YES;
				CLANG_WARN_UNGUARDED_AVAILABILITY = YES_AGGRESSIVE;
				CLANG_WARN_UNREACHABLE_CODE = YES;
				CLANG_WARN__DUPLICATE_METHOD_MATCH = YES;
				COPY_PHASE_STRIP = NO;
				DEBUG_INFORMATION_FORMAT = "dwarf-with-dsym";
				ENABLE_NS_ASSERTIONS = NO;
				ENABLE_STRICT_OBJC_MSGSEND = YES;
				GCC_C_LANGUAGE_STANDARD = gnu11;
				GCC_NO_COMMON_BLOCKS = YES;
				GCC_WARN_64_TO_32_BIT_CONVERSION = YES;
				GCC_WARN_ABOUT_RETURN_TYPE = YES_ERROR;
				GCC_WARN_UNDECLARED_SELECTOR = YES;
				GCC_WARN_UNINITIALIZED_AUTOS = YES_AGGRESSIVE;
				GCC_WARN_UNUSED_FUNCTION = YES;
				GCC_WARN_UNUSED_VARIABLE = YES;
				IPHONEOS_DEPLOYMENT_TARGET = 14.5;
				MTL_ENABLE_DEBUG_INFO = NO;
				MTL_FAST_MATH = YES;
				SDKROOT = iphoneos;
				SWIFT_COMPILATION_MODE = wholemodule;
				SWIFT_OPTIMIZATION_LEVEL = "-O";
				VALIDATE_PRODUCT = YES;
			};
			name = Release;
		};
		FB6A848F2639B3B2005A933D /* Debug */ = {
			isa = XCBuildConfiguration;
			buildSettings = {
				ASSETCATALOG_COMPILER_APPICON_NAME = AppIcon;
				ASSETCATALOG_COMPILER_GLOBAL_ACCENT_COLOR_NAME = AccentColor;
				CODE_SIGN_STYLE = Automatic;
				DEVELOPMENT_ASSET_PATHS = "\"VolumentalTask/Preview Content\"";
				DEVELOPMENT_TEAM = K848NC648S;
				ENABLE_PREVIEWS = YES;
				INFOPLIST_FILE = VolumentalTask/Info.plist;
				LD_RUNPATH_SEARCH_PATHS = (
					"$(inherited)",
					"@executable_path/Frameworks",
				);
				PRODUCT_BUNDLE_IDENTIFIER = com.Salaguno.VolumentalTask;
				PRODUCT_NAME = "$(TARGET_NAME)";
				SWIFT_VERSION = 5.0;
				TARGETED_DEVICE_FAMILY = "1,2";
			};
			name = Debug;
		};
		FB6A84902639B3B2005A933D /* Release */ = {
			isa = XCBuildConfiguration;
			buildSettings = {
				ASSETCATALOG_COMPILER_APPICON_NAME = AppIcon;
				ASSETCATALOG_COMPILER_GLOBAL_ACCENT_COLOR_NAME = AccentColor;
				CODE_SIGN_STYLE = Automatic;
				DEVELOPMENT_ASSET_PATHS = "\"VolumentalTask/Preview Content\"";
				DEVELOPMENT_TEAM = K848NC648S;
				ENABLE_PREVIEWS = YES;
				INFOPLIST_FILE = VolumentalTask/Info.plist;
				LD_RUNPATH_SEARCH_PATHS = (
					"$(inherited)",
					"@executable_path/Frameworks",
				);
				PRODUCT_BUNDLE_IDENTIFIER = com.Salaguno.VolumentalTask;
				PRODUCT_NAME = "$(TARGET_NAME)";
				SWIFT_VERSION = 5.0;
				TARGETED_DEVICE_FAMILY = "1,2";
			};
			name = Release;
		};
/* End XCBuildConfiguration section */

/* Begin XCConfigurationList section */
		FB6A84782639B3B2005A933D /* Build configuration list for PBXProject "VolumentalTask" */ = {
			isa = XCConfigurationList;
			buildConfigurations = (
				FB6A848C2639B3B2005A933D /* Debug */,
				FB6A848D2639B3B2005A933D /* Release */,
			);
			defaultConfigurationIsVisible = 0;
			defaultConfigurationName = Release;
		};
		FB6A848E2639B3B2005A933D /* Build configuration list for PBXNativeTarget "VolumentalTask" */ = {
			isa = XCConfigurationList;
			buildConfigurations = (
				FB6A848F2639B3B2005A933D /* Debug */,
				FB6A84902639B3B2005A933D /* Release */,
			);
			defaultConfigurationIsVisible = 0;
			defaultConfigurationName = Release;
		};
/* End XCConfigurationList section */
	};
	rootObject = FB6A84752639B3B2005A933D /* Project object */;
}
